
Microsoft Visual Studio Solution File, Format Version 12.00
# Visual Studio Version 17
VisualStudioVersion = 17.11.35312.102
MinimumVisualStudioVersion = 10.0.40219.1
Project("{9A19103F-16F7-4668-BE54-9A1E7A4F7556}") = "BlazorMp", "BlazorMp\BlazorMp.csproj", "{C0035F27-20EF-4364-B456-245C42E35EFD}"
EndProject
Global
	GlobalSection(SolutionConfigurationPlatforms) = preSolution
		Debug|Any CPU = Debug|Any CPU
		Release|Any CPU = Release|Any CPU
	EndGlobalSection
	GlobalSection(ProjectConfigurationPlatforms) = postSolution
		{C0035F27-20EF-4364-B456-245C42E35EFD}.Debug|Any CPU.ActiveCfg = Debug|Any CPU
		{C0035F27-20EF-4364-B456-245C42E35EFD}.Debug|Any CPU.Build.0 = Debug|Any CPU
		{C0035F27-20EF-4364-B456-245C42E35EFD}.Release|Any CPU.ActiveCfg = Release|Any CPU
		{C0035F27-20EF-4364-B456-245C42E35EFD}.Release|Any CPU.Build.0 = Release|Any CPU
	EndGlobalSection
	GlobalSection(SolutionProperties) = preSolution
		HideSolutionNode = FALSE
	EndGlobalSection
	GlobalSection(ExtensibilityGlobals) = postSolution
		SolutionGuid = {42CD368B-5183-4587-96E5-4BA3E88357B0}
	EndGlobalSection
EndGlobal
